
Microsoft Visual Studio Solution File, Format Version 12.00
# Visual Studio Version 17
VisualStudioVersion = 17.11.35222.181
MinimumVisualStudioVersion = 10.0.40219.1
Project("{FAE04EC0-301F-11D3-BF4B-00C04F79EFBC}") = "DocumentIntelligenceCopyCustomModel", "DocumentIntelligenceCopyCustomModel\DocumentIntelligenceCopyCustomModel.csproj", "{75872A96-606A-43F9-9B47-2329522AA7FF}"
EndProject
Global
	GlobalSection(SolutionConfigurationPlatforms) = preSolution
		Debug|Any CPU = Debug|Any CPU
		Release|Any CPU = Release|Any CPU
	EndGlobalSection
	GlobalSection(ProjectConfigurationPlatforms) = postSolution
		{75872A96-606A-43F9-9B47-2329522AA7FF}.Debug|Any CPU.ActiveCfg = Debug|Any CPU
		{75872A96-606A-43F9-9B47-2329522AA7FF}.Debug|Any CPU.Build.0 = Debug|Any CPU
		{75872A96-606A-43F9-9B47-2329522AA7FF}.Release|Any CPU.ActiveCfg = Release|Any CPU
		{75872A96-606A-43F9-9B47-2329522AA7FF}.Release|Any CPU.Build.0 = Release|Any CPU
	EndGlobalSection
	GlobalSection(SolutionProperties) = preSolution
		HideSolutionNode = FALSE
	EndGlobalSection
	GlobalSection(ExtensibilityGlobals) = postSolution
		SolutionGuid = {407334F5-6050-491F-B9CD-9CF1B00FA445}
	EndGlobalSection
EndGlobal
